// !$*UTF8*$!
{
	archiveVersion = 1;
	classes = {
	};
	objectVersion = 50;
	objects = {

/* Begin PBXBuildFile section */
		90C2EDBE22090B3900827637 /* KeyboardViewController.swift in Sources */ = {isa = PBXBuildFile; fileRef = 90F95C63220907DB002C214E /* KeyboardViewController.swift */; };
		90C2EDBF22090BC700827637 /* MemeBoardView.swift in Sources */ = {isa = PBXBuildFile; fileRef = 90F95C6E2209086C002C214E /* MemeBoardView.swift */; };
		90C2EDC022090E5D00827637 /* Assets.xcassets in Resources */ = {isa = PBXBuildFile; fileRef = 90F95C502209064B002C214E /* Assets.xcassets */; };
		90F95C4A22090648002C214E /* AppDelegate.swift in Sources */ = {isa = PBXBuildFile; fileRef = 90F95C4922090648002C214E /* AppDelegate.swift */; };
		90F95C4C22090648002C214E /* ViewController.swift in Sources */ = {isa = PBXBuildFile; fileRef = 90F95C4B22090648002C214E /* ViewController.swift */; };
		90F95C4F22090648002C214E /* Main.storyboard in Resources */ = {isa = PBXBuildFile; fileRef = 90F95C4D22090648002C214E /* Main.storyboard */; };
		90F95C512209064B002C214E /* Assets.xcassets in Resources */ = {isa = PBXBuildFile; fileRef = 90F95C502209064B002C214E /* Assets.xcassets */; };
		90F95C542209064B002C214E /* LaunchScreen.storyboard in Resources */ = {isa = PBXBuildFile; fileRef = 90F95C522209064B002C214E /* LaunchScreen.storyboard */; };
		90F95C5C2209066F002C214E /* MemeBoardView.xib in Resources */ = {isa = PBXBuildFile; fileRef = 90F95C5B2209066F002C214E /* MemeBoardView.xib */; };
		90F95C64220907DB002C214E /* KeyboardViewController.swift in Sources */ = {isa = PBXBuildFile; fileRef = 90F95C63220907DB002C214E /* KeyboardViewController.swift */; };
		90F95C68220907DB002C214E /* MemeBoardBoard.appex in Embed App Extensions */ = {isa = PBXBuildFile; fileRef = 90F95C61220907DB002C214E /* MemeBoardBoard.appex */; settings = {ATTRIBUTES = (RemoveHeadersOnCopy, ); }; };
		90F95C6D22090805002C214E /* MemeBoardView.xib in Resources */ = {isa = PBXBuildFile; fileRef = 90F95C5B2209066F002C214E /* MemeBoardView.xib */; };
		90F95C6F2209086C002C214E /* MemeBoardView.swift in Sources */ = {isa = PBXBuildFile; fileRef = 90F95C6E2209086C002C214E /* MemeBoardView.swift */; };
/* End PBXBuildFile section */

/* Begin PBXContainerItemProxy section */
		90F95C66220907DB002C214E /* PBXContainerItemProxy */ = {
			isa = PBXContainerItemProxy;
			containerPortal = 90F95C3E22090648002C214E /* Project object */;
			proxyType = 1;
			remoteGlobalIDString = 90F95C60220907DB002C214E;
			remoteInfo = MemeBoardBoard;
		};
/* End PBXContainerItemProxy section */

/* Begin PBXCopyFilesBuildPhase section */
		90F95C6C220907DB002C214E /* Embed App Extensions */ = {
			isa = PBXCopyFilesBuildPhase;
			buildActionMask = 2147483647;
			dstPath = "";
			dstSubfolderSpec = 13;
			files = (
				90F95C68220907DB002C214E /* MemeBoardBoard.appex in Embed App Extensions */,
			);
			name = "Embed App Extensions";
			runOnlyForDeploymentPostprocessing = 0;
		};
/* End PBXCopyFilesBuildPhase section */

/* Begin PBXFileReference section */
		90F95C4622090648002C214E /* MemeBoard.app */ = {isa = PBXFileReference; explicitFileType = wrapper.application; includeInIndex = 0; path = MemeBoard.app; sourceTree = BUILT_PRODUCTS_DIR; };
		90F95C4922090648002C214E /* AppDelegate.swift */ = {isa = PBXFileReference; lastKnownFileType = sourcecode.swift; path = AppDelegate.swift; sourceTree = "<group>"; };
		90F95C4B22090648002C214E /* ViewController.swift */ = {isa = PBXFileReference; lastKnownFileType = sourcecode.swift; path = ViewController.swift; sourceTree = "<group>"; };
		90F95C4E22090648002C214E /* Base */ = {isa = PBXFileReference; lastKnownFileType = file.storyboard; name = Base; path = Base.lproj/Main.storyboard; sourceTree = "<group>"; };
		90F95C502209064B002C214E /* Assets.xcassets */ = {isa = PBXFileReference; lastKnownFileType = folder.assetcatalog; path = Assets.xcassets; sourceTree = "<group>"; };
		90F95C532209064B002C214E /* Base */ = {isa = PBXFileReference; lastKnownFileType = file.storyboard; name = Base; path = Base.lproj/LaunchScreen.storyboard; sourceTree = "<group>"; };
		90F95C552209064B002C214E /* Info.plist */ = {isa = PBXFileReference; lastKnownFileType = text.plist.xml; path = Info.plist; sourceTree = "<group>"; };
		90F95C5B2209066F002C214E /* MemeBoardView.xib */ = {isa = PBXFileReference; lastKnownFileType = file.xib; path = MemeBoardView.xib; sourceTree = "<group>"; };
		90F95C61220907DB002C214E /* MemeBoardBoard.appex */ = {isa = PBXFileReference; explicitFileType = "wrapper.app-extension"; includeInIndex = 0; path = MemeBoardBoard.appex; sourceTree = BUILT_PRODUCTS_DIR; };
		90F95C63220907DB002C214E /* KeyboardViewController.swift */ = {isa = PBXFileReference; lastKnownFileType = sourcecode.swift; path = KeyboardViewController.swift; sourceTree = "<group>"; };
		90F95C65220907DB002C214E /* Info.plist */ = {isa = PBXFileReference; lastKnownFileType = text.plist.xml; path = Info.plist; sourceTree = "<group>"; };
		90F95C6E2209086C002C214E /* MemeBoardView.swift */ = {isa = PBXFileReference; lastKnownFileType = sourcecode.swift; path = MemeBoardView.swift; sourceTree = "<group>"; };
/* End PBXFileReference section */

/* Begin PBXFrameworksBuildPhase section */
		90F95C4322090648002C214E /* Frameworks */ = {
			isa = PBXFrameworksBuildPhase;
			buildActionMask = 2147483647;
			files = (
			);
			runOnlyForDeploymentPostprocessing = 0;
		};
		90F95C5E220907DB002C214E /* Frameworks */ = {
			isa = PBXFrameworksBuildPhase;
			buildActionMask = 2147483647;
			files = (
			);
			runOnlyForDeploymentPostprocessing = 0;
		};
/* End PBXFrameworksBuildPhase section */

/* Begin PBXGroup section */
		90F95C3D22090648002C214E = {
			isa = PBXGroup;
			children = (
				90F95C4822090648002C214E /* MemeBoard */,
				90F95C62220907DB002C214E /* MemeBoardBoard */,
				90F95C4722090648002C214E /* Products */,
			);
			sourceTree = "<group>";
		};
		90F95C4722090648002C214E /* Products */ = {
			isa = PBXGroup;
			children = (
				90F95C4622090648002C214E /* MemeBoard.app */,
				90F95C61220907DB002C214E /* MemeBoardBoard.appex */,
			);
			name = Products;
			sourceTree = "<group>";
		};
		90F95C4822090648002C214E /* MemeBoard */ = {
			isa = PBXGroup;
			children = (
				90F95C4922090648002C214E /* AppDelegate.swift */,
				90F95C4B22090648002C214E /* ViewController.swift */,
				90F95C4D22090648002C214E /* Main.storyboard */,
				90F95C5B2209066F002C214E /* MemeBoardView.xib */,
				90F95C6E2209086C002C214E /* MemeBoardView.swift */,
				90F95C502209064B002C214E /* Assets.xcassets */,
				90F95C522209064B002C214E /* LaunchScreen.storyboard */,
				90F95C552209064B002C214E /* Info.plist */,
			);
			path = MemeBoard;
			sourceTree = "<group>";
		};
		90F95C62220907DB002C214E /* MemeBoardBoard */ = {
			isa = PBXGroup;
			children = (
				90F95C63220907DB002C214E /* KeyboardViewController.swift */,
				90F95C65220907DB002C214E /* Info.plist */,
			);
			path = MemeBoardBoard;
			sourceTree = "<group>";
		};
/* End PBXGroup section */

/* Begin PBXNativeTarget section */
		90F95C4522090648002C214E /* MemeBoard */ = {
			isa = PBXNativeTarget;
			buildConfigurationList = 90F95C582209064B002C214E /* Build configuration list for PBXNativeTarget "MemeBoard" */;
			buildPhases = (
				90F95C4222090648002C214E /* Sources */,
				90F95C4322090648002C214E /* Frameworks */,
				90F95C4422090648002C214E /* Resources */,
				90F95C6C220907DB002C214E /* Embed App Extensions */,
			);
			buildRules = (
			);
			dependencies = (
				90F95C67220907DB002C214E /* PBXTargetDependency */,
			);
			name = MemeBoard;
			productName = MemeBoard;
			productReference = 90F95C4622090648002C214E /* MemeBoard.app */;
			productType = "com.apple.product-type.application";
		};
		90F95C60220907DB002C214E /* MemeBoardBoard */ = {
			isa = PBXNativeTarget;
			buildConfigurationList = 90F95C69220907DB002C214E /* Build configuration list for PBXNativeTarget "MemeBoardBoard" */;
			buildPhases = (
				90F95C5D220907DB002C214E /* Sources */,
				90F95C5E220907DB002C214E /* Frameworks */,
				90F95C5F220907DB002C214E /* Resources */,
			);
			buildRules = (
			);
			dependencies = (
			);
			name = MemeBoardBoard;
			productName = MemeBoardBoard;
			productReference = 90F95C61220907DB002C214E /* MemeBoardBoard.appex */;
			productType = "com.apple.product-type.app-extension";
		};
/* End PBXNativeTarget section */

/* Begin PBXProject section */
		90F95C3E22090648002C214E /* Project object */ = {
			isa = PBXProject;
			attributes = {
				LastSwiftUpdateCheck = 1010;
				LastUpgradeCheck = 1010;
				ORGANIZATIONNAME = "Greg Hughes";
				TargetAttributes = {
					90F95C4522090648002C214E = {
						CreatedOnToolsVersion = 10.1;
					};
					90F95C60220907DB002C214E = {
						CreatedOnToolsVersion = 10.1;
					};
				};
			};
			buildConfigurationList = 90F95C4122090648002C214E /* Build configuration list for PBXProject "MemeBoard" */;
			compatibilityVersion = "Xcode 9.3";
			developmentRegion = en;
			hasScannedForEncodings = 0;
			knownRegions = (
				en,
				Base,
			);
			mainGroup = 90F95C3D22090648002C214E;
			productRefGroup = 90F95C4722090648002C214E /* Products */;
			projectDirPath = "";
			projectRoot = "";
			targets = (
				90F95C4522090648002C214E /* MemeBoard */,
				90F95C60220907DB002C214E /* MemeBoardBoard */,
			);
		};
/* End PBXProject section */

/* Begin PBXResourcesBuildPhase section */
		90F95C4422090648002C214E /* Resources */ = {
			isa = PBXResourcesBuildPhase;
			buildActionMask = 2147483647;
			files = (
				90F95C542209064B002C214E /* LaunchScreen.storyboard in Resources */,
				90F95C5C2209066F002C214E /* MemeBoardView.xib in Resources */,
				90F95C512209064B002C214E /* Assets.xcassets in Resources */,
				90F95C4F22090648002C214E /* Main.storyboard in Resources */,
			);
			runOnlyForDeploymentPostprocessing = 0;
		};
		90F95C5F220907DB002C214E /* Resources */ = {
			isa = PBXResourcesBuildPhase;
			buildActionMask = 2147483647;
			files = (
				90C2EDC022090E5D00827637 /* Assets.xcassets in Resources */,
				90F95C6D22090805002C214E /* MemeBoardView.xib in Resources */,
			);
			runOnlyForDeploymentPostprocessing = 0;
		};
/* End PBXResourcesBuildPhase section */

/* Begin PBXSourcesBuildPhase section */
		90F95C4222090648002C214E /* Sources */ = {
			isa = PBXSourcesBuildPhase;
			buildActionMask = 2147483647;
			files = (
				90F95C4C22090648002C214E /* ViewController.swift in Sources */,
				90F95C4A22090648002C214E /* AppDelegate.swift in Sources */,
				90F95C6F2209086C002C214E /* MemeBoardView.swift in Sources */,
				90C2EDBE22090B3900827637 /* KeyboardViewController.swift in Sources */,
			);
			runOnlyForDeploymentPostprocessing = 0;
		};
		90F95C5D220907DB002C214E /* Sources */ = {
			isa = PBXSourcesBuildPhase;
			buildActionMask = 2147483647;
			files = (
				90F95C64220907DB002C214E /* KeyboardViewController.swift in Sources */,
				90C2EDBF22090BC700827637 /* MemeBoardView.swift in Sources */,
			);
			runOnlyForDeploymentPostprocessing = 0;
		};
/* End PBXSourcesBuildPhase section */

/* Begin PBXTargetDependency section */
		90F95C67220907DB002C214E /* PBXTargetDependency */ = {
			isa = PBXTargetDependency;
			target = 90F95C60220907DB002C214E /* MemeBoardBoard */;
			targetProxy = 90F95C66220907DB002C214E /* PBXContainerItemProxy */;
		};
/* End PBXTargetDependency section */

/* Begin PBXVariantGroup section */
		90F95C4D22090648002C214E /* Main.storyboard */ = {
			isa = PBXVariantGroup;
			children = (
				90F95C4E22090648002C214E /* Base */,
			);
			name = Main.storyboard;
			sourceTree = "<group>";
		};
		90F95C522209064B002C214E /* LaunchScreen.storyboard */ = {
			isa = PBXVariantGroup;
			children = (
				90F95C532209064B002C214E /* Base */,
			);
			name = LaunchScreen.storyboard;
			sourceTree = "<group>";
		};
/* End PBXVariantGroup section */

/* Begin XCBuildConfiguration section */
		90F95C562209064B002C214E /* Debug */ = {
			isa = XCBuildConfiguration;
			buildSettings = {
				ALWAYS_SEARCH_USER_PATHS = NO;
				CLANG_ANALYZER_NONNULL = YES;
				CLANG_ANALYZER_NUMBER_OBJECT_CONVERSION = YES_AGGRESSIVE;
				CLANG_CXX_LANGUAGE_STANDARD = "gnu++14";
				CLANG_CXX_LIBRARY = "libc++";
				CLANG_ENABLE_MODULES = YES;
				CLANG_ENABLE_OBJC_ARC = YES;
				CLANG_ENABLE_OBJC_WEAK = YES;
				CLANG_WARN_BLOCK_CAPTURE_AUTORELEASING = YES;
				CLANG_WARN_BOOL_CONVERSION = YES;
				CLANG_WARN_COMMA = YES;
				CLANG_WARN_CONSTANT_CONVERSION = YES;
				CLANG_WARN_DEPRECATED_OBJC_IMPLEMENTATIONS = YES;
				CLANG_WARN_DIRECT_OBJC_ISA_USAGE = YES_ERROR;
				CLANG_WARN_DOCUMENTATION_COMMENTS = YES;
				CLANG_WARN_EMPTY_BODY = YES;
				CLANG_WARN_ENUM_CONVERSION = YES;
				CLANG_WARN_INFINITE_RECURSION = YES;
				CLANG_WARN_INT_CONVERSION = YES;
				CLANG_WARN_NON_LITERAL_NULL_CONVERSION = YES;
				CLANG_WARN_OBJC_IMPLICIT_RETAIN_SELF = YES;
				CLANG_WARN_OBJC_LITERAL_CONVERSION = YES;
				CLANG_WARN_OBJC_ROOT_CLASS = YES_ERROR;
				CLANG_WARN_RANGE_LOOP_ANALYSIS = YES;
				CLANG_WARN_STRICT_PROTOTYPES = YES;
				CLANG_WARN_SUSPICIOUS_MOVE = YES;
				CLANG_WARN_UNGUARDED_AVAILABILITY = YES_AGGRESSIVE;
				CLANG_WARN_UNREACHABLE_CODE = YES;
				CLANG_WARN__DUPLICATE_METHOD_MATCH = YES;
				CODE_SIGN_IDENTITY = "iPhone Developer";
				COPY_PHASE_STRIP = NO;
				DEBUG_INFORMATION_FORMAT = dwarf;
				ENABLE_STRICT_OBJC_MSGSEND = YES;
				ENABLE_TESTABILITY = YES;
				GCC_C_LANGUAGE_STANDARD = gnu11;
				GCC_DYNAMIC_NO_PIC = NO;
				GCC_NO_COMMON_BLOCKS = YES;
				GCC_OPTIMIZATION_LEVEL = 0;
				GCC_PREPROCESSOR_DEFINITIONS = (
					"DEBUG=1",
					"$(inherited)",
				);
				GCC_WARN_64_TO_32_BIT_CONVERSION = YES;
				GCC_WARN_ABOUT_RETURN_TYPE = YES_ERROR;
				GCC_WARN_UNDECLARED_SELECTOR = YES;
				GCC_WARN_UNINITIALIZED_AUTOS = YES_AGGRESSIVE;
				GCC_WARN_UNUSED_FUNCTION = YES;
				GCC_WARN_UNUSED_VARIABLE = YES;
				IPHONEOS_DEPLOYMENT_TARGET = 12.1;
				MTL_ENABLE_DEBUG_INFO = INCLUDE_SOURCE;
				MTL_FAST_MATH = YES;
				ONLY_ACTIVE_ARCH = YES;
				SDKROOT = iphoneos;
				SWIFT_ACTIVE_COMPILATION_CONDITIONS = DEBUG;
				SWIFT_OPTIMIZATION_LEVEL = "-Onone";
			};
			name = Debug;
		};
		90F95C572209064B002C214E /* Release */ = {
			isa = XCBuildConfiguration;
			buildSettings = {
				ALWAYS_SEARCH_USER_PATHS = NO;
				CLANG_ANALYZER_NONNULL = YES;
				CLANG_ANALYZER_NUMBER_OBJECT_CONVERSION = YES_AGGRESSIVE;
				CLANG_CXX_LANGUAGE_STANDARD = "gnu++14";
				CLANG_CXX_LIBRARY = "libc++";
				CLANG_ENABLE_MODULES = YES;
				CLANG_ENABLE_OBJC_ARC = YES;
				CLANG_ENABLE_OBJC_WEAK = YES;
				CLANG_WARN_BLOCK_CAPTURE_AUTORELEASING = YES;
				CLANG_WARN_BOOL_CONVERSION = YES;
				CLANG_WARN_COMMA = YES;
				CLANG_WARN_CONSTANT_CONVERSION = YES;
				CLANG_WARN_DEPRECATED_OBJC_IMPLEMENTATIONS = YES;
				CLANG_WARN_DIRECT_OBJC_ISA_USAGE = YES_ERROR;
				CLANG_WARN_DOCUMENTATION_COMMENTS = YES;
				CLANG_WARN_EMPTY_BODY = YES;
				CLANG_WARN_ENUM_CONVERSION = YES;
				CLANG_WARN_INFINITE_RECURSION = YES;
				CLANG_WARN_INT_CONVERSION = YES;
				CLANG_WARN_NON_LITERAL_NULL_CONVERSION = YES;
				CLANG_WARN_OBJC_IMPLICIT_RETAIN_SELF = YES;
				CLANG_WARN_OBJC_LITERAL_CONVERSION = YES;
				CLANG_WARN_OBJC_ROOT_CLASS = YES_ERROR;
				CLANG_WARN_RANGE_LOOP_ANALYSIS = YES;
				CLANG_WARN_STRICT_PROTOTYPES = YES;
				CLANG_WARN_SUSPICIOUS_MOVE = YES;
				CLANG_WARN_UNGUARDED_AVAILABILITY = YES_AGGRESSIVE;
				CLANG_WARN_UNREACHABLE_CODE = YES;
				CLANG_WARN__DUPLICATE_METHOD_MATCH = YES;
				CODE_SIGN_IDENTITY = "iPhone Developer";
				COPY_PHASE_STRIP = NO;
				DEBUG_INFORMATION_FORMAT = "dwarf-with-dsym";
				ENABLE_NS_ASSERTIONS = NO;
				ENABLE_STRICT_OBJC_MSGSEND = YES;
				GCC_C_LANGUAGE_STANDARD = gnu11;
				GCC_NO_COMMON_BLOCKS = YES;
				GCC_WARN_64_TO_32_BIT_CONVERSION = YES;
				GCC_WARN_ABOUT_RETURN_TYPE = YES_ERROR;
				GCC_WARN_UNDECLARED_SELECTOR = YES;
				GCC_WARN_UNINITIALIZED_AUTOS = YES_AGGRESSIVE;
				GCC_WARN_UNUSED_FUNCTION = YES;
				GCC_WARN_UNUSED_VARIABLE = YES;
				IPHONEOS_DEPLOYMENT_TARGET = 12.1;
				MTL_ENABLE_DEBUG_INFO = NO;
				MTL_FAST_MATH = YES;
				SDKROOT = iphoneos;
				SWIFT_COMPILATION_MODE = wholemodule;
				SWIFT_OPTIMIZATION_LEVEL = "-O";
				VALIDATE_PRODUCT = YES;
			};
			name = Release;
		};
		90F95C592209064B002C214E /* Debug */ = {
			isa = XCBuildConfiguration;
			buildSettings = {
				ALWAYS_EMBED_SWIFT_STANDARD_LIBRARIES = YES;
				ASSETCATALOG_COMPILER_APPICON_NAME = AppIcon;
				CODE_SIGN_STYLE = Automatic;
				DEVELOPMENT_TEAM = 57FTCZV5HS;
				INFOPLIST_FILE = MemeBoard/Info.plist;
				LD_RUNPATH_SEARCH_PATHS = (
					"$(inherited)",
					"@executable_path/Frameworks",
				);
				PRODUCT_BUNDLE_IDENTIFIER = com.greghughes.MemeBoard;
				PRODUCT_NAME = "$(TARGET_NAME)";
				SWIFT_VERSION = 4.2;
				TARGETED_DEVICE_FAMILY = "1,2";
			};
			name = Debug;
		};
		90F95C5A2209064B002C214E /* Release */ = {
			isa = XCBuildConfiguration;
			buildSettings = {
				ALWAYS_EMBED_SWIFT_STANDARD_LIBRARIES = YES;
				ASSETCATALOG_COMPILER_APPICON_NAME = AppIcon;
				CODE_SIGN_STYLE = Automatic;
				DEVELOPMENT_TEAM = 57FTCZV5HS;
				INFOPLIST_FILE = MemeBoard/Info.plist;
				LD_RUNPATH_SEARCH_PATHS = (
					"$(inherited)",
					"@executable_path/Frameworks",
				);
				PRODUCT_BUNDLE_IDENTIFIER = com.greghughes.MemeBoard;
				PRODUCT_NAME = "$(TARGET_NAME)";
				SWIFT_VERSION = 4.2;
				TARGETED_DEVICE_FAMILY = "1,2";
			};
			name = Release;
		};
		90F95C6A220907DB002C214E /* Debug */ = {
			isa = XCBuildConfiguration;
			buildSettings = {
				CODE_SIGN_STYLE = Automatic;
				DEVELOPMENT_TEAM = 57FTCZV5HS;
				INFOPLIST_FILE = MemeBoardBoard/Info.plist;
				LD_RUNPATH_SEARCH_PATHS = (
					"$(inherited)",
					"@executable_path/Frameworks",
					"@executable_path/../../Frameworks",
				);
				PRODUCT_BUNDLE_IDENTIFIER = com.greghughes.MemeBoard.MemeBoardBoard;
				PRODUCT_NAME = "$(TARGET_NAME)";
				SKIP_INSTALL = YES;
				SWIFT_VERSION = 4.2;
				TARGETED_DEVICE_FAMILY = "1,2";
			};
			name = Debug;
		};
		90F95C6B220907DB002C214E /* Release */ = {
			isa = XCBuildConfiguration;
			buildSettings = {
				CODE_SIGN_STYLE = Automatic;
				DEVELOPMENT_TEAM = 57FTCZV5HS;
				INFOPLIST_FILE = MemeBoardBoard/Info.plist;
				LD_RUNPATH_SEARCH_PATHS = (
					"$(inherited)",
					"@executable_path/Frameworks",
					"@executable_path/../../Frameworks",
				);
				PRODUCT_BUNDLE_IDENTIFIER = com.greghughes.MemeBoard.MemeBoardBoard;
				PRODUCT_NAME = "$(TARGET_NAME)";
				SKIP_INSTALL = YES;
				SWIFT_VERSION = 4.2;
				TARGETED_DEVICE_FAMILY = "1,2";
			};
			name = Release;
		};
/* End XCBuildConfiguration section */

/* Begin XCConfigurationList section */
		90F95C4122090648002C214E /* Build configuration list for PBXProject "MemeBoard" */ = {
			isa = XCConfigurationList;
			buildConfigurations = (
				90F95C562209064B002C214E /* Debug */,
				90F95C572209064B002C214E /* Release */,
			);
			defaultConfigurationIsVisible = 0;
			defaultConfigurationName = Release;
		};
		90F95C582209064B002C214E /* Build configuration list for PBXNativeTarget "MemeBoard" */ = {
			isa = XCConfigurationList;
			buildConfigurations = (
				90F95C592209064B002C214E /* Debug */,
				90F95C5A2209064B002C214E /* Release */,
			);
			defaultConfigurationIsVisible = 0;
			defaultConfigurationName = Release;
		};
		90F95C69220907DB002C214E /* Build configuration list for PBXNativeTarget "MemeBoardBoard" */ = {
			isa = XCConfigurationList;
			buildConfigurations = (
				90F95C6A220907DB002C214E /* Debug */,
				90F95C6B220907DB002C214E /* Release */,
			);
			defaultConfigurationIsVisible = 0;
			defaultConfigurationName = Release;
		};
/* End XCConfigurationList section */
	};
	rootObject = 90F95C3E22090648002C214E /* Project object */;
}
